
Microsoft Visual Studio Solution File, Format Version 12.00
# Visual Studio Version 16
VisualStudioVersion = 16.0.30907.101
MinimumVisualStudioVersion = 10.0.40219.1
Project("{FAE04EC0-301F-11D3-BF4B-00C04F79EFBC}") = "CapaDados", "CapaDados\CapaDados.csproj", "{62AFE968-2F17-4B65-B7A9-A6762FD81045}"
EndProject
Project("{FAE04EC0-301F-11D3-BF4B-00C04F79EFBC}") = "CapaNegocios", "CapaNegocios\CapaNegocios.csproj", "{8D1CA9AE-6F73-49E2-ACB4-40537D1D8BEC}"
EndProject
Project("{FAE04EC0-301F-11D3-BF4B-00C04F79EFBC}") = "CapaEntidades", "CapaEntidades\CapaEntidades.csproj", "{07F6AE70-70E7-4EA5-A77B-914F8156BC9B}"
EndProject
Project("{FAE04EC0-301F-11D3-BF4B-00C04F79EFBC}") = "Formularios", "Formularios\Formularios.csproj", "{70566B49-20DB-4597-877E-49C60EF32BED}"
EndProject
Project("{2150E333-8FDC-42A3-9474-1A3956D46DE8}") = "Arquivos", "Arquivos", "{E56A5E31-DEB2-462A-8A40-86B715C333EC}"
EndProject
Global
	GlobalSection(SolutionConfigurationPlatforms) = preSolution
		Debug|Any CPU = Debug|Any CPU
		Release|Any CPU = Release|Any CPU
	EndGlobalSection
	GlobalSection(ProjectConfigurationPlatforms) = postSolution
		{62AFE968-2F17-4B65-B7A9-A6762FD81045}.Debug|Any CPU.ActiveCfg = Debug|Any CPU
		{62AFE968-2F17-4B65-B7A9-A6762FD81045}.Debug|Any CPU.Build.0 = Debug|Any CPU
		{62AFE968-2F17-4B65-B7A9-A6762FD81045}.Release|Any CPU.ActiveCfg = Release|Any CPU
		{62AFE968-2F17-4B65-B7A9-A6762FD81045}.Release|Any CPU.Build.0 = Release|Any CPU
		{8D1CA9AE-6F73-49E2-ACB4-40537D1D8BEC}.Debug|Any CPU.ActiveCfg = Debug|Any CPU
		{8D1CA9AE-6F73-49E2-ACB4-40537D1D8BEC}.Debug|Any CPU.Build.0 = Debug|Any CPU
		{8D1CA9AE-6F73-49E2-ACB4-40537D1D8BEC}.Release|Any CPU.ActiveCfg = Release|Any CPU
		{8D1CA9AE-6F73-49E2-ACB4-40537D1D8BEC}.Release|Any CPU.Build.0 = Release|Any CPU
		{07F6AE70-70E7-4EA5-A77B-914F8156BC9B}.Debug|Any CPU.ActiveCfg = Debug|Any CPU
		{07F6AE70-70E7-4EA5-A77B-914F8156BC9B}.Debug|Any CPU.Build.0 = Debug|Any CPU
		{07F6AE70-70E7-4EA5-A77B-914F8156BC9B}.Release|Any CPU.ActiveCfg = Release|Any CPU
		{07F6AE70-70E7-4EA5-A77B-914F8156BC9B}.Release|Any CPU.Build.0 = Release|Any CPU
		{70566B49-20DB-4597-877E-49C60EF32BED}.Debug|Any CPU.ActiveCfg = Debug|Any CPU
		{70566B49-20DB-4597-877E-49C60EF32BED}.Debug|Any CPU.Build.0 = Debug|Any CPU
		{70566B49-20DB-4597-877E-49C60EF32BED}.Release|Any CPU.ActiveCfg = Release|Any CPU
		{70566B49-20DB-4597-877E-49C60EF32BED}.Release|Any CPU.Build.0 = Release|Any CPU
	EndGlobalSection
	GlobalSection(SolutionProperties) = preSolution
		HideSolutionNode = FALSE
	EndGlobalSection
	GlobalSection(NestedProjects) = preSolution
		{62AFE968-2F17-4B65-B7A9-A6762FD81045} = {E56A5E31-DEB2-462A-8A40-86B715C333EC}
		{8D1CA9AE-6F73-49E2-ACB4-40537D1D8BEC} = {E56A5E31-DEB2-462A-8A40-86B715C333EC}
		{07F6AE70-70E7-4EA5-A77B-914F8156BC9B} = {E56A5E31-DEB2-462A-8A40-86B715C333EC}
		{70566B49-20DB-4597-877E-49C60EF32BED} = {E56A5E31-DEB2-462A-8A40-86B715C333EC}
	EndGlobalSection
	GlobalSection(ExtensibilityGlobals) = postSolution
		SolutionGuid = {14F8C443-A803-44E1-89C3-8D8BF20886D2}
	EndGlobalSection
EndGlobal
